
Microsoft Visual Studio Solution File, Format Version 12.00
# Visual Studio 15
VisualStudioVersion = 15.0.27130.2027
MinimumVisualStudioVersion = 10.0.40219.1
Project("{FAE04EC0-301F-11D3-BF4B-00C04F79EFBC}") = "MicroKnights.Log4NetAdoNetAppender", "src\MicroKnights.Log4NetAdoNetAppender.csproj", "{CD00FEEF-8E51-4A13-8D1D-4A2712AFA643}"
EndProject
Global
	GlobalSection(SolutionConfigurationPlatforms) = preSolution
		Debug|Any CPU = Debug|Any CPU
		Release|Any CPU = Release|Any CPU
	EndGlobalSection
	GlobalSection(ProjectConfigurationPlatforms) = postSolution
		{CD00FEEF-8E51-4A13-8D1D-4A2712AFA643}.Debug|Any CPU.ActiveCfg = Debug|Any CPU
		{CD00FEEF-8E51-4A13-8D1D-4A2712AFA643}.Debug|Any CPU.Build.0 = Debug|Any CPU
		{CD00FEEF-8E51-4A13-8D1D-4A2712AFA643}.Release|Any CPU.ActiveCfg = Release|Any CPU
		{CD00FEEF-8E51-4A13-8D1D-4A2712AFA643}.Release|Any CPU.Build.0 = Release|Any CPU
	EndGlobalSection
	GlobalSection(SolutionProperties) = preSolution
		HideSolutionNode = FALSE
	EndGlobalSection
	GlobalSection(ExtensibilityGlobals) = postSolution
		SolutionGuid = {526609E5-2C9C-4391-B782-007E35268534}
	EndGlobalSection
EndGlobal
